
Microsoft Visual Studio Solution File, Format Version 12.00
# Visual Studio Version 17
VisualStudioVersion = 17.4.32916.344
MinimumVisualStudioVersion = 10.0.40219.1
Project("{FAE04EC0-301F-11D3-BF4B-00C04F79EFBC}") = "FunctionApp6", "FunctionApp6\FunctionApp6.csproj", "{64EE649F-AE9F-4A31-949E-5F82A2738033}"
EndProject
Project("{FAE04EC0-301F-11D3-BF4B-00C04F79EFBC}") = "TestProject1", "TestProject1\TestProject1.csproj", "{C16A0618-35C3-461E-9A4F-4392EC46EA2B}"
EndProject
Global
	GlobalSection(SolutionConfigurationPlatforms) = preSolution
		Debug|Any CPU = Debug|Any CPU
		Release|Any CPU = Release|Any CPU
	EndGlobalSection
	GlobalSection(ProjectConfigurationPlatforms) = postSolution
		{64EE649F-AE9F-4A31-949E-5F82A2738033}.Debug|Any CPU.ActiveCfg = Debug|Any CPU
		{64EE649F-AE9F-4A31-949E-5F82A2738033}.Debug|Any CPU.Build.0 = Debug|Any CPU
		{64EE649F-AE9F-4A31-949E-5F82A2738033}.Release|Any CPU.ActiveCfg = Release|Any CPU
		{64EE649F-AE9F-4A31-949E-5F82A2738033}.Release|Any CPU.Build.0 = Release|Any CPU
		{C16A0618-35C3-461E-9A4F-4392EC46EA2B}.Debug|Any CPU.ActiveCfg = Debug|Any CPU
		{C16A0618-35C3-461E-9A4F-4392EC46EA2B}.Debug|Any CPU.Build.0 = Debug|Any CPU
		{C16A0618-35C3-461E-9A4F-4392EC46EA2B}.Release|Any CPU.ActiveCfg = Release|Any CPU
		{C16A0618-35C3-461E-9A4F-4392EC46EA2B}.Release|Any CPU.Build.0 = Release|Any CPU
	EndGlobalSection
	GlobalSection(SolutionProperties) = preSolution
		HideSolutionNode = FALSE
	EndGlobalSection
	GlobalSection(ExtensibilityGlobals) = postSolution
		SolutionGuid = {1E3F4DC6-300B-4B57-B48B-AA202D340E3C}
	EndGlobalSection
EndGlobal
